// !$*UTF8*$!
{
	archiveVersion = 1;
	classes = {
	};
	objectVersion = 56;
	objects = {

/* Begin PBXBuildFile section */
		4D3D76E929A2B31A002D90A3 /* ExpenseMonthlyApp.swift in Sources */ = {isa = PBXBuildFile; fileRef = 4D3D76E829A2B31A002D90A3 /* ExpenseMonthlyApp.swift */; };
		4D3D76EB29A2B31A002D90A3 /* ContentView.swift in Sources */ = {isa = PBXBuildFile; fileRef = 4D3D76EA29A2B31A002D90A3 /* ContentView.swift */; };
		4D3D76ED29A2B31C002D90A3 /* Assets.xcassets in Resources */ = {isa = PBXBuildFile; fileRef = 4D3D76EC29A2B31C002D90A3 /* Assets.xcassets */; };
		4D3D76F029A2B31C002D90A3 /* Preview Assets.xcassets in Resources */ = {isa = PBXBuildFile; fileRef = 4D3D76EF29A2B31C002D90A3 /* Preview Assets.xcassets */; };
		4D3D76F729A2B816002D90A3 /* AddView.swift in Sources */ = {isa = PBXBuildFile; fileRef = 4D3D76F629A2B816002D90A3 /* AddView.swift */; };
		4D3D76F929A2BC79002D90A3 /* ExpenseItem.swift in Sources */ = {isa = PBXBuildFile; fileRef = 4D3D76F829A2BC79002D90A3 /* ExpenseItem.swift */; };
		4D3D76FB29A2BCD7002D90A3 /* Expenses.swift in Sources */ = {isa = PBXBuildFile; fileRef = 4D3D76FA29A2BCD7002D90A3 /* Expenses.swift */; };
		4D84F8B729C29FAB0074C55D /* CoreDataViewModel.swift in Sources */ = {isa = PBXBuildFile; fileRef = 4D84F8B629C29FAB0074C55D /* CoreDataViewModel.swift */; };
		4D84F8BA29C2A0990074C55D /* PurchasesContainer.xcdatamodeld in Sources */ = {isa = PBXBuildFile; fileRef = 4D84F8B829C2A0990074C55D /* PurchasesContainer.xcdatamodeld */; };
		4D84F8BC29C37D350074C55D /* ExpensesView.swift in Sources */ = {isa = PBXBuildFile; fileRef = 4D84F8BB29C37D350074C55D /* ExpensesView.swift */; };
		4D84F8BE29C38BFB0074C55D /* ExpensesDisplayView.swift in Sources */ = {isa = PBXBuildFile; fileRef = 4D84F8BD29C38BFB0074C55D /* ExpensesDisplayView.swift */; };
		4D84F8C029C3B33F0074C55D /* AddExpenseView.swift in Sources */ = {isa = PBXBuildFile; fileRef = 4D84F8BF29C3B33F0074C55D /* AddExpenseView.swift */; };
		4D84F8C229C3CC970074C55D /* AddExpenseNameView.swift in Sources */ = {isa = PBXBuildFile; fileRef = 4D84F8C129C3CC970074C55D /* AddExpenseNameView.swift */; };
		4DCD67BF29BD0A980080337F /* PurchasesView.swift in Sources */ = {isa = PBXBuildFile; fileRef = 4DCD67BE29BD0A980080337F /* PurchasesView.swift */; };
		4DCD67C329BE788D0080337F /* AddPurchaseCategoryView.swift in Sources */ = {isa = PBXBuildFile; fileRef = 4DCD67C229BE788D0080337F /* AddPurchaseCategoryView.swift */; };
		4DCD67C629BE83590080337F /* PurchaseCategories.swift in Sources */ = {isa = PBXBuildFile; fileRef = 4DCD67C529BE83590080337F /* PurchaseCategories.swift */; };
		4DCD67C829BE83E10080337F /* PurchaseCategory.swift in Sources */ = {isa = PBXBuildFile; fileRef = 4DCD67C729BE83E10080337F /* PurchaseCategory.swift */; };
		4DCD67CC29BE861D0080337F /* PurchaseItem.swift in Sources */ = {isa = PBXBuildFile; fileRef = 4DCD67CB29BE861D0080337F /* PurchaseItem.swift */; };
		4DCD67CE29BE86F00080337F /* PurchaseCategoriesView.swift in Sources */ = {isa = PBXBuildFile; fileRef = 4DCD67CD29BE86F00080337F /* PurchaseCategoriesView.swift */; };
		4DCD67D229BFACA80080337F /* AddPurchaseView.swift in Sources */ = {isa = PBXBuildFile; fileRef = 4DCD67D129BFACA80080337F /* AddPurchaseView.swift */; };
		4DCD67D629BFB2420080337F /* PurchaseCategoryListView.swift in Sources */ = {isa = PBXBuildFile; fileRef = 4DCD67D529BFB2420080337F /* PurchaseCategoryListView.swift */; };
/* End PBXBuildFile section */

/* Begin PBXFileReference section */
		4D3D76E529A2B31A002D90A3 /* ExpenseMonthly.app */ = {isa = PBXFileReference; explicitFileType = wrapper.application; includeInIndex = 0; path = ExpenseMonthly.app; sourceTree = BUILT_PRODUCTS_DIR; };
		4D3D76E829A2B31A002D90A3 /* ExpenseMonthlyApp.swift */ = {isa = PBXFileReference; lastKnownFileType = sourcecode.swift; path = ExpenseMonthlyApp.swift; sourceTree = "<group>"; };
		4D3D76EA29A2B31A002D90A3 /* ContentView.swift */ = {isa = PBXFileReference; lastKnownFileType = sourcecode.swift; path = ContentView.swift; sourceTree = "<group>"; };
		4D3D76EC29A2B31C002D90A3 /* Assets.xcassets */ = {isa = PBXFileReference; lastKnownFileType = folder.assetcatalog; path = Assets.xcassets; sourceTree = "<group>"; };
		4D3D76EF29A2B31C002D90A3 /* Preview Assets.xcassets */ = {isa = PBXFileReference; lastKnownFileType = folder.assetcatalog; path = "Preview Assets.xcassets"; sourceTree = "<group>"; };
		4D3D76F629A2B816002D90A3 /* AddView.swift */ = {isa = PBXFileReference; lastKnownFileType = sourcecode.swift; path = AddView.swift; sourceTree = "<group>"; };
		4D3D76F829A2BC79002D90A3 /* ExpenseItem.swift */ = {isa = PBXFileReference; lastKnownFileType = sourcecode.swift; path = ExpenseItem.swift; sourceTree = "<group>"; };
		4D3D76FA29A2BCD7002D90A3 /* Expenses.swift */ = {isa = PBXFileReference; lastKnownFileType = sourcecode.swift; path = Expenses.swift; sourceTree = "<group>"; };
		4D84F8B629C29FAB0074C55D /* CoreDataViewModel.swift */ = {isa = PBXFileReference; lastKnownFileType = sourcecode.swift; path = CoreDataViewModel.swift; sourceTree = "<group>"; };
		4D84F8B929C2A0990074C55D /* PurchasesContainer.xcdatamodel */ = {isa = PBXFileReference; lastKnownFileType = wrapper.xcdatamodel; path = PurchasesContainer.xcdatamodel; sourceTree = "<group>"; };
		4D84F8BB29C37D350074C55D /* ExpensesView.swift */ = {isa = PBXFileReference; lastKnownFileType = sourcecode.swift; path = ExpensesView.swift; sourceTree = "<group>"; };
		4D84F8BD29C38BFB0074C55D /* ExpensesDisplayView.swift */ = {isa = PBXFileReference; lastKnownFileType = sourcecode.swift; path = ExpensesDisplayView.swift; sourceTree = "<group>"; };
		4D84F8BF29C3B33F0074C55D /* AddExpenseView.swift */ = {isa = PBXFileReference; lastKnownFileType = sourcecode.swift; path = AddExpenseView.swift; sourceTree = "<group>"; };
		4D84F8C129C3CC970074C55D /* AddExpenseNameView.swift */ = {isa = PBXFileReference; lastKnownFileType = sourcecode.swift; path = AddExpenseNameView.swift; sourceTree = "<group>"; };
		4DCD67BE29BD0A980080337F /* PurchasesView.swift */ = {isa = PBXFileReference; lastKnownFileType = sourcecode.swift; path = PurchasesView.swift; sourceTree = "<group>"; };
		4DCD67C229BE788D0080337F /* AddPurchaseCategoryView.swift */ = {isa = PBXFileReference; lastKnownFileType = sourcecode.swift; path = AddPurchaseCategoryView.swift; sourceTree = "<group>"; };
		4DCD67C529BE83590080337F /* PurchaseCategories.swift */ = {isa = PBXFileReference; lastKnownFileType = sourcecode.swift; path = PurchaseCategories.swift; sourceTree = "<group>"; };
		4DCD67C729BE83E10080337F /* PurchaseCategory.swift */ = {isa = PBXFileReference; lastKnownFileType = sourcecode.swift; path = PurchaseCategory.swift; sourceTree = "<group>"; };
		4DCD67CB29BE861D0080337F /* PurchaseItem.swift */ = {isa = PBXFileReference; lastKnownFileType = sourcecode.swift; path = PurchaseItem.swift; sourceTree = "<group>"; };
		4DCD67CD29BE86F00080337F /* PurchaseCategoriesView.swift */ = {isa = PBXFileReference; lastKnownFileType = sourcecode.swift; path = PurchaseCategoriesView.swift; sourceTree = "<group>"; };
		4DCD67D129BFACA80080337F /* AddPurchaseView.swift */ = {isa = PBXFileReference; lastKnownFileType = sourcecode.swift; path = AddPurchaseView.swift; sourceTree = "<group>"; };
		4DCD67D529BFB2420080337F /* PurchaseCategoryListView.swift */ = {isa = PBXFileReference; lastKnownFileType = sourcecode.swift; path = PurchaseCategoryListView.swift; sourceTree = "<group>"; };
/* End PBXFileReference section */

/* Begin PBXFrameworksBuildPhase section */
		4D3D76E229A2B31A002D90A3 /* Frameworks */ = {
			isa = PBXFrameworksBuildPhase;
			buildActionMask = 2147483647;
			files = (
			);
			runOnlyForDeploymentPostprocessing = 0;
		};
/* End PBXFrameworksBuildPhase section */

/* Begin PBXGroup section */
		4D3D76DC29A2B31A002D90A3 = {
			isa = PBXGroup;
			children = (
				4D3D76E729A2B31A002D90A3 /* ExpenseMonthly */,
				4D3D76E629A2B31A002D90A3 /* Products */,
			);
			sourceTree = "<group>";
		};
		4D3D76E629A2B31A002D90A3 /* Products */ = {
			isa = PBXGroup;
			children = (
				4D3D76E529A2B31A002D90A3 /* ExpenseMonthly.app */,
			);
			name = Products;
			sourceTree = "<group>";
		};
		4D3D76E729A2B31A002D90A3 /* ExpenseMonthly */ = {
			isa = PBXGroup;
			children = (
				4D84F8B629C29FAB0074C55D /* CoreDataViewModel.swift */,
				4DCD67CB29BE861D0080337F /* PurchaseItem.swift */,
				4DCD67C529BE83590080337F /* PurchaseCategories.swift */,
				4DCD67C729BE83E10080337F /* PurchaseCategory.swift */,
				4D3D76E829A2B31A002D90A3 /* ExpenseMonthlyApp.swift */,
				4D3D76F829A2BC79002D90A3 /* ExpenseItem.swift */,
				4D3D76FA29A2BCD7002D90A3 /* Expenses.swift */,
				4DCD67C429BE80A80080337F /* Views */,
				4D3D76EC29A2B31C002D90A3 /* Assets.xcassets */,
				4D3D76EE29A2B31C002D90A3 /* Preview Content */,
			);
			path = ExpenseMonthly;
			sourceTree = "<group>";
		};
		4D3D76EE29A2B31C002D90A3 /* Preview Content */ = {
			isa = PBXGroup;
			children = (
				4D3D76EF29A2B31C002D90A3 /* Preview Assets.xcassets */,
			);
			path = "Preview Content";
			sourceTree = "<group>";
		};
		4DCD67C429BE80A80080337F /* Views */ = {
			isa = PBXGroup;
			children = (
				4DCD67CD29BE86F00080337F /* PurchaseCategoriesView.swift */,
				4DCD67D529BFB2420080337F /* PurchaseCategoryListView.swift */,
				4DCD67BE29BD0A980080337F /* PurchasesView.swift */,
				4DCD67D129BFACA80080337F /* AddPurchaseView.swift */,
				4DCD67C229BE788D0080337F /* AddPurchaseCategoryView.swift */,
				4D3D76EA29A2B31A002D90A3 /* ContentView.swift */,
				4D3D76F629A2B816002D90A3 /* AddView.swift */,
				4D84F8C129C3CC970074C55D /* AddExpenseNameView.swift */,
				4D84F8BF29C3B33F0074C55D /* AddExpenseView.swift */,
				4D84F8BB29C37D350074C55D /* ExpensesView.swift */,
				4D84F8BD29C38BFB0074C55D /* ExpensesDisplayView.swift */,
				4D84F8B829C2A0990074C55D /* PurchasesContainer.xcdatamodeld */,
			);
			path = Views;
			sourceTree = "<group>";
		};
/* End PBXGroup section */

/* Begin PBXNativeTarget section */
		4D3D76E429A2B31A002D90A3 /* ExpenseMonthly */ = {
			isa = PBXNativeTarget;
			buildConfigurationList = 4D3D76F329A2B31C002D90A3 /* Build configuration list for PBXNativeTarget "ExpenseMonthly" */;
			buildPhases = (
				4D3D76E129A2B31A002D90A3 /* Sources */,
				4D3D76E229A2B31A002D90A3 /* Frameworks */,
				4D3D76E329A2B31A002D90A3 /* Resources */,
			);
			buildRules = (
			);
			dependencies = (
			);
			name = ExpenseMonthly;
			productName = ExpenseMonthly;
			productReference = 4D3D76E529A2B31A002D90A3 /* ExpenseMonthly.app */;
			productType = "com.apple.product-type.application";
		};
/* End PBXNativeTarget section */

/* Begin PBXProject section */
		4D3D76DD29A2B31A002D90A3 /* Project object */ = {
			isa = PBXProject;
			attributes = {
				BuildIndependentTargetsInParallel = 1;
				LastSwiftUpdateCheck = 1420;
				LastUpgradeCheck = 1420;
				TargetAttributes = {
					4D3D76E429A2B31A002D90A3 = {
						CreatedOnToolsVersion = 14.2;
					};
				};
			};
			buildConfigurationList = 4D3D76E029A2B31A002D90A3 /* Build configuration list for PBXProject "ExpenseMonthly" */;
			compatibilityVersion = "Xcode 14.0";
			developmentRegion = en;
			hasScannedForEncodings = 0;
			knownRegions = (
				en,
				Base,
			);
			mainGroup = 4D3D76DC29A2B31A002D90A3;
			productRefGroup = 4D3D76E629A2B31A002D90A3 /* Products */;
			projectDirPath = "";
			projectRoot = "";
			targets = (
				4D3D76E429A2B31A002D90A3 /* ExpenseMonthly */,
			);
		};
/* End PBXProject section */

/* Begin PBXResourcesBuildPhase section */
		4D3D76E329A2B31A002D90A3 /* Resources */ = {
			isa = PBXResourcesBuildPhase;
			buildActionMask = 2147483647;
			files = (
				4D3D76F029A2B31C002D90A3 /* Preview Assets.xcassets in Resources */,
				4D3D76ED29A2B31C002D90A3 /* Assets.xcassets in Resources */,
			);
			runOnlyForDeploymentPostprocessing = 0;
		};
/* End PBXResourcesBuildPhase section */

/* Begin PBXSourcesBuildPhase section */
		4D3D76E129A2B31A002D90A3 /* Sources */ = {
			isa = PBXSourcesBuildPhase;
			buildActionMask = 2147483647;
			files = (
				4DCD67CC29BE861D0080337F /* PurchaseItem.swift in Sources */,
				4D3D76FB29A2BCD7002D90A3 /* Expenses.swift in Sources */,
				4D3D76EB29A2B31A002D90A3 /* ContentView.swift in Sources */,
				4D84F8BC29C37D350074C55D /* ExpensesView.swift in Sources */,
				4DCD67C629BE83590080337F /* PurchaseCategories.swift in Sources */,
				4D3D76E929A2B31A002D90A3 /* ExpenseMonthlyApp.swift in Sources */,
				4DCD67BF29BD0A980080337F /* PurchasesView.swift in Sources */,
				4D84F8BE29C38BFB0074C55D /* ExpensesDisplayView.swift in Sources */,
				4DCD67C329BE788D0080337F /* AddPurchaseCategoryView.swift in Sources */,
				4D84F8C029C3B33F0074C55D /* AddExpenseView.swift in Sources */,
				4D3D76F729A2B816002D90A3 /* AddView.swift in Sources */,
				4DCD67C829BE83E10080337F /* PurchaseCategory.swift in Sources */,
				4D84F8B729C29FAB0074C55D /* CoreDataViewModel.swift in Sources */,
				4D3D76F929A2BC79002D90A3 /* ExpenseItem.swift in Sources */,
				4DCD67CE29BE86F00080337F /* PurchaseCategoriesView.swift in Sources */,
				4DCD67D229BFACA80080337F /* AddPurchaseView.swift in Sources */,
				4D84F8C229C3CC970074C55D /* AddExpenseNameView.swift in Sources */,
				4DCD67D629BFB2420080337F /* PurchaseCategoryListView.swift in Sources */,
				4D84F8BA29C2A0990074C55D /* PurchasesContainer.xcdatamodeld in Sources */,
			);
			runOnlyForDeploymentPostprocessing = 0;
		};
/* End PBXSourcesBuildPhase section */

/* Begin XCBuildConfiguration section */
		4D3D76F129A2B31C002D90A3 /* Debug */ = {
			isa = XCBuildConfiguration;
			buildSettings = {
				ALWAYS_SEARCH_USER_PATHS = NO;
				CLANG_ANALYZER_NONNULL = YES;
				CLANG_ANALYZER_NUMBER_OBJECT_CONVERSION = YES_AGGRESSIVE;
				CLANG_CXX_LANGUAGE_STANDARD = "gnu++20";
				CLANG_ENABLE_MODULES = YES;
				CLANG_ENABLE_OBJC_ARC = YES;
				CLANG_ENABLE_OBJC_WEAK = YES;
				CLANG_WARN_BLOCK_CAPTURE_AUTORELEASING = YES;
				CLANG_WARN_BOOL_CONVERSION = YES;
				CLANG_WARN_COMMA = YES;
				CLANG_WARN_CONSTANT_CONVERSION = YES;
				CLANG_WARN_DEPRECATED_OBJC_IMPLEMENTATIONS = YES;
				CLANG_WARN_DIRECT_OBJC_ISA_USAGE = YES_ERROR;
				CLANG_WARN_DOCUMENTATION_COMMENTS = YES;
				CLANG_WARN_EMPTY_BODY = YES;
				CLANG_WARN_ENUM_CONVERSION = YES;
				CLANG_WARN_INFINITE_RECURSION = YES;
				CLANG_WARN_INT_CONVERSION = YES;
				CLANG_WARN_NON_LITERAL_NULL_CONVERSION = YES;
				CLANG_WARN_OBJC_IMPLICIT_RETAIN_SELF = YES;
				CLANG_WARN_OBJC_LITERAL_CONVERSION = YES;
				CLANG_WARN_OBJC_ROOT_CLASS = YES_ERROR;
				CLANG_WARN_QUOTED_INCLUDE_IN_FRAMEWORK_HEADER = YES;
				CLANG_WARN_RANGE_LOOP_ANALYSIS = YES;
				CLANG_WARN_STRICT_PROTOTYPES = YES;
				CLANG_WARN_SUSPICIOUS_MOVE = YES;
				CLANG_WARN_UNGUARDED_AVAILABILITY = YES_AGGRESSIVE;
				CLANG_WARN_UNREACHABLE_CODE = YES;
				CLANG_WARN__DUPLICATE_METHOD_MATCH = YES;
				COPY_PHASE_STRIP = NO;
				DEBUG_INFORMATION_FORMAT = dwarf;
				ENABLE_STRICT_OBJC_MSGSEND = YES;
				ENABLE_TESTABILITY = YES;
				GCC_C_LANGUAGE_STANDARD = gnu11;
				GCC_DYNAMIC_NO_PIC = NO;
				GCC_NO_COMMON_BLOCKS = YES;
				GCC_OPTIMIZATION_LEVEL = 0;
				GCC_PREPROCESSOR_DEFINITIONS = (
					"DEBUG=1",
					"$(inherited)",
				);
				GCC_WARN_64_TO_32_BIT_CONVERSION = YES;
				GCC_WARN_ABOUT_RETURN_TYPE = YES_ERROR;
				GCC_WARN_UNDECLARED_SELECTOR = YES;
				GCC_WARN_UNINITIALIZED_AUTOS = YES_AGGRESSIVE;
				GCC_WARN_UNUSED_FUNCTION = YES;
				GCC_WARN_UNUSED_VARIABLE = YES;
				IPHONEOS_DEPLOYMENT_TARGET = 16.2;
				MTL_ENABLE_DEBUG_INFO = INCLUDE_SOURCE;
				MTL_FAST_MATH = YES;
				ONLY_ACTIVE_ARCH = YES;
				SDKROOT = iphoneos;
				SWIFT_ACTIVE_COMPILATION_CONDITIONS = DEBUG;
				SWIFT_OPTIMIZATION_LEVEL = "-Onone";
			};
			name = Debug;
		};
		4D3D76F229A2B31C002D90A3 /* Release */ = {
			isa = XCBuildConfiguration;
			buildSettings = {
				ALWAYS_SEARCH_USER_PATHS = NO;
				CLANG_ANALYZER_NONNULL = YES;
				CLANG_ANALYZER_NUMBER_OBJECT_CONVERSION = YES_AGGRESSIVE;
				CLANG_CXX_LANGUAGE_STANDARD = "gnu++20";
				CLANG_ENABLE_MODULES = YES;
				CLANG_ENABLE_OBJC_ARC = YES;
				CLANG_ENABLE_OBJC_WEAK = YES;
				CLANG_WARN_BLOCK_CAPTURE_AUTORELEASING = YES;
				CLANG_WARN_BOOL_CONVERSION = YES;
				CLANG_WARN_COMMA = YES;
				CLANG_WARN_CONSTANT_CONVERSION = YES;
				CLANG_WARN_DEPRECATED_OBJC_IMPLEMENTATIONS = YES;
				CLANG_WARN_DIRECT_OBJC_ISA_USAGE = YES_ERROR;
				CLANG_WARN_DOCUMENTATION_COMMENTS = YES;
				CLANG_WARN_EMPTY_BODY = YES;
				CLANG_WARN_ENUM_CONVERSION = YES;
				CLANG_WARN_INFINITE_RECURSION = YES;
				CLANG_WARN_INT_CONVERSION = YES;
				CLANG_WARN_NON_LITERAL_NULL_CONVERSION = YES;
				CLANG_WARN_OBJC_IMPLICIT_RETAIN_SELF = YES;
				CLANG_WARN_OBJC_LITERAL_CONVERSION = YES;
				CLANG_WARN_OBJC_ROOT_CLASS = YES_ERROR;
				CLANG_WARN_QUOTED_INCLUDE_IN_FRAMEWORK_HEADER = YES;
				CLANG_WARN_RANGE_LOOP_ANALYSIS = YES;
				CLANG_WARN_STRICT_PROTOTYPES = YES;
				CLANG_WARN_SUSPICIOUS_MOVE = YES;
				CLANG_WARN_UNGUARDED_AVAILABILITY = YES_AGGRESSIVE;
				CLANG_WARN_UNREACHABLE_CODE = YES;
				CLANG_WARN__DUPLICATE_METHOD_MATCH = YES;
				COPY_PHASE_STRIP = NO;
				DEBUG_INFORMATION_FORMAT = "dwarf-with-dsym";
				ENABLE_NS_ASSERTIONS = NO;
				ENABLE_STRICT_OBJC_MSGSEND = YES;
				GCC_C_LANGUAGE_STANDARD = gnu11;
				GCC_NO_COMMON_BLOCKS = YES;
				GCC_WARN_64_TO_32_BIT_CONVERSION = YES;
				GCC_WARN_ABOUT_RETURN_TYPE = YES_ERROR;
				GCC_WARN_UNDECLARED_SELECTOR = YES;
				GCC_WARN_UNINITIALIZED_AUTOS = YES_AGGRESSIVE;
				GCC_WARN_UNUSED_FUNCTION = YES;
				GCC_WARN_UNUSED_VARIABLE = YES;
				IPHONEOS_DEPLOYMENT_TARGET = 16.2;
				MTL_ENABLE_DEBUG_INFO = NO;
				MTL_FAST_MATH = YES;
				SDKROOT = iphoneos;
				SWIFT_COMPILATION_MODE = wholemodule;
				SWIFT_OPTIMIZATION_LEVEL = "-O";
				VALIDATE_PRODUCT = YES;
			};
			name = Release;
		};
		4D3D76F429A2B31C002D90A3 /* Debug */ = {
			isa = XCBuildConfiguration;
			buildSettings = {
				ASSETCATALOG_COMPILER_APPICON_NAME = AppIcon;
				ASSETCATALOG_COMPILER_GLOBAL_ACCENT_COLOR_NAME = AccentColor;
				CODE_SIGN_STYLE = Automatic;
				CURRENT_PROJECT_VERSION = 1;
				DEVELOPMENT_ASSET_PATHS = "\"ExpenseMonthly/Preview Content\"";
				ENABLE_PREVIEWS = YES;
				GENERATE_INFOPLIST_FILE = YES;
				INFOPLIST_KEY_UIApplicationSceneManifest_Generation = YES;
				INFOPLIST_KEY_UIApplicationSupportsIndirectInputEvents = YES;
				INFOPLIST_KEY_UILaunchScreen_Generation = YES;
				INFOPLIST_KEY_UISupportedInterfaceOrientations_iPad = "UIInterfaceOrientationPortrait UIInterfaceOrientationPortraitUpsideDown UIInterfaceOrientationLandscapeLeft UIInterfaceOrientationLandscapeRight";
				INFOPLIST_KEY_UISupportedInterfaceOrientations_iPhone = "UIInterfaceOrientationPortrait UIInterfaceOrientationLandscapeLeft UIInterfaceOrientationLandscapeRight";
				LD_RUNPATH_SEARCH_PATHS = (
					"$(inherited)",
					"@executable_path/Frameworks",
				);
				MARKETING_VERSION = 1.0;
				PRODUCT_BUNDLE_IDENTIFIER = abuail.ExpenseMonthly;
				PRODUCT_NAME = "$(TARGET_NAME)";
				SWIFT_EMIT_LOC_STRINGS = YES;
				SWIFT_VERSION = 5.0;
				TARGETED_DEVICE_FAMILY = "1,2";
			};
			name = Debug;
		};
		4D3D76F529A2B31C002D90A3 /* Release */ = {
			isa = XCBuildConfiguration;
			buildSettings = {
				ASSETCATALOG_COMPILER_APPICON_NAME = AppIcon;
				ASSETCATALOG_COMPILER_GLOBAL_ACCENT_COLOR_NAME = AccentColor;
				CODE_SIGN_STYLE = Automatic;
				CURRENT_PROJECT_VERSION = 1;
				DEVELOPMENT_ASSET_PATHS = "\"ExpenseMonthly/Preview Content\"";
				ENABLE_PREVIEWS = YES;
				GENERATE_INFOPLIST_FILE = YES;
				INFOPLIST_KEY_UIApplicationSceneManifest_Generation = YES;
				INFOPLIST_KEY_UIApplicationSupportsIndirectInputEvents = YES;
				INFOPLIST_KEY_UILaunchScreen_Generation = YES;
				INFOPLIST_KEY_UISupportedInterfaceOrientations_iPad = "UIInterfaceOrientationPortrait UIInterfaceOrientationPortraitUpsideDown UIInterfaceOrientationLandscapeLeft UIInterfaceOrientationLandscapeRight";
				INFOPLIST_KEY_UISupportedInterfaceOrientations_iPhone = "UIInterfaceOrientationPortrait UIInterfaceOrientationLandscapeLeft UIInterfaceOrientationLandscapeRight";
				LD_RUNPATH_SEARCH_PATHS = (
					"$(inherited)",
					"@executable_path/Frameworks",
				);
				MARKETING_VERSION = 1.0;
				PRODUCT_BUNDLE_IDENTIFIER = abuail.ExpenseMonthly;
				PRODUCT_NAME = "$(TARGET_NAME)";
				SWIFT_EMIT_LOC_STRINGS = YES;
				SWIFT_VERSION = 5.0;
				TARGETED_DEVICE_FAMILY = "1,2";
			};
			name = Release;
		};
/* End XCBuildConfiguration section */

/* Begin XCConfigurationList section */
		4D3D76E029A2B31A002D90A3 /* Build configuration list for PBXProject "ExpenseMonthly" */ = {
			isa = XCConfigurationList;
			buildConfigurations = (
				4D3D76F129A2B31C002D90A3 /* Debug */,
				4D3D76F229A2B31C002D90A3 /* Release */,
			);
			defaultConfigurationIsVisible = 0;
			defaultConfigurationName = Release;
		};
		4D3D76F329A2B31C002D90A3 /* Build configuration list for PBXNativeTarget "ExpenseMonthly" */ = {
			isa = XCConfigurationList;
			buildConfigurations = (
				4D3D76F429A2B31C002D90A3 /* Debug */,
				4D3D76F529A2B31C002D90A3 /* Release */,
			);
			defaultConfigurationIsVisible = 0;
			defaultConfigurationName = Release;
		};
/* End XCConfigurationList section */

/* Begin XCVersionGroup section */
		4D84F8B829C2A0990074C55D /* PurchasesContainer.xcdatamodeld */ = {
			isa = XCVersionGroup;
			children = (
				4D84F8B929C2A0990074C55D /* PurchasesContainer.xcdatamodel */,
			);
			currentVersion = 4D84F8B929C2A0990074C55D /* PurchasesContainer.xcdatamodel */;
			path = PurchasesContainer.xcdatamodeld;
			sourceTree = "<group>";
			versionGroupType = wrapper.xcdatamodel;
		};
/* End XCVersionGroup section */
	};
	rootObject = 4D3D76DD29A2B31A002D90A3 /* Project object */;
}
